// !$*UTF8*$!
{
	archiveVersion = 1;
	classes = {
	};
	objectVersion = 77;
	objects = {

/* Begin PBXBuildFile section */
		067A4BB2898A8F727D417A07 /* CustomTabBar.swift in Sources */ = {isa = PBXBuildFile; fileRef = 25F40E77C3B4ECB4630CD589 /* CustomTabBar.swift */; };
		0A672C55B5336ADAFB46007E /* AppLogger.swift in Sources */ = {isa = PBXBuildFile; fileRef = 207A1358C266B3F0B21043DD /* AppLogger.swift */; };
		0FA29C4D3DD232CDB73F767A /* HomeView.swift in Sources */ = {isa = PBXBuildFile; fileRef = 364D8C9D46DB8E718276E448 /* HomeView.swift */; };
		10D701885979E37B153578D3 /* SceneDelegate.swift in Sources */ = {isa = PBXBuildFile; fileRef = 552EAAAEFA01468131C04ACE /* SceneDelegate.swift */; };
		110356732FC86C499F91F916 /* DebtDetailsView.swift in Sources */ = {isa = PBXBuildFile; fileRef = A9A6FCC002645B947E008D0A /* DebtDetailsView.swift */; };
		12D84FA4B85550087DCA77B5 /* CalculatorRepositoryProtocol.swift in Sources */ = {isa = PBXBuildFile; fileRef = E110C5B676ADBCFDFC8272E8 /* CalculatorRepositoryProtocol.swift */; };
		1343C973A841ED9FF24C920D /* CreditType.swift in Sources */ = {isa = PBXBuildFile; fileRef = 04C90A7EC06C071189C66C1D /* CreditType.swift */; };
		196866586DD27675238A2287 /* DebtDetailsPaymentHistoryCell.swift in Sources */ = {isa = PBXBuildFile; fileRef = DEA68E2EE7C6E8009E418E88 /* DebtDetailsPaymentHistoryCell.swift */; };
		1B55B1839FC26873F016BB75 /* CalculatorRepository.swift in Sources */ = {isa = PBXBuildFile; fileRef = E8D994770ABA177FBC62B639 /* CalculatorRepository.swift */; };
		1D5FC4AA58A4A8A47C54B385 /* DebtDetailsCoordinator.swift in Sources */ = {isa = PBXBuildFile; fileRef = D2448FF236C324D97DF9404C /* DebtDetailsCoordinator.swift */; };
		1E6C271D3B2BEA75927F2780 /* CreditStorage.swift in Sources */ = {isa = PBXBuildFile; fileRef = 7C9A8CEE22433638114E5ED5 /* CreditStorage.swift */; };
		1F0C91F420C2FAFD7C56928B /* MainViewModel.swift in Sources */ = {isa = PBXBuildFile; fileRef = DF61F92828E2EF596C570AAF /* MainViewModel.swift */; };
		218B6D3C9DECAF2A66ABCE1D /* CoordinatorProtocol.swift in Sources */ = {isa = PBXBuildFile; fileRef = E3B69E4270198CE622A0FC1F /* CoordinatorProtocol.swift */; };
		25F717D14C96E19D05C3511A /* DebtCalculation.swift in Sources */ = {isa = PBXBuildFile; fileRef = 8829EBF9443C198863D4E52C /* DebtCalculation.swift */; };
		2DCBBCFE4265DB456B87D011 /* DebtDetailsPaymentHistoryItem.swift in Sources */ = {isa = PBXBuildFile; fileRef = 5E297083D0626AB2CA01A6CD /* DebtDetailsPaymentHistoryItem.swift */; };
		2E031A21A43E9D041433CA38 /* Assets.xcassets in Resources */ = {isa = PBXBuildFile; fileRef = E02BFB94B837D8AC54831D78 /* Assets.xcassets */; };
		2E7B02EBBEB6188917BFCCEA /* UserDefaultsManager.swift in Sources */ = {isa = PBXBuildFile; fileRef = 44864E47F269418B62432073 /* UserDefaultsManager.swift */; };
		2EF8329168FAB9B42AE1B01F /* CoreDataStack.swift in Sources */ = {isa = PBXBuildFile; fileRef = 9189A9891FA718B6B788D28E /* CoreDataStack.swift */; };
		347FAA07EBF2A9028B1D18C6 /* KeyboardView.swift in Sources */ = {isa = PBXBuildFile; fileRef = 437067773DBCEA4985B8F368 /* KeyboardView.swift */; };
		35083D5FC238808E4AA7890B /* AddDebtViewController.swift in Sources */ = {isa = PBXBuildFile; fileRef = 00E6919FCFD8D220107F701D /* AddDebtViewController.swift */; };
		36A758C17849563861A2CD0A /* FormatNumber.swift in Sources */ = {isa = PBXBuildFile; fileRef = CB107267BE9ED204506A7768 /* FormatNumber.swift */; };
		37A3E8A45471855D8F367A28 /* MockRepositoryValidate.swift in Sources */ = {isa = PBXBuildFile; fileRef = D6726BFD39EA0D36E53A2E9B /* MockRepositoryValidate.swift */; };
		37ED7609E8AF92A57D7FB122 /* StatRow.swift in Sources */ = {isa = PBXBuildFile; fileRef = 893BD3C067E2C360DC0741A2 /* StatRow.swift */; };
		3D4BF65D599C0BBDA015D1EE /* DebtDetailsViewController.swift in Sources */ = {isa = PBXBuildFile; fileRef = 2A6D18206A0F6DCFC6C9EF99 /* DebtDetailsViewController.swift */; };
		42F3C037A51FD59B3A3B3A0E /* Credit.swift in Sources */ = {isa = PBXBuildFile; fileRef = 1261649BBBCBF88D3DA808ED /* Credit.swift */; };
		42FD55A5D6E4A7E89C1BD2C7 /* PrivacyInfo.xcprivacy in Resources */ = {isa = PBXBuildFile; fileRef = 2293702762D9A5332283809A /* PrivacyInfo.xcprivacy */; };
		455EB42518E039ED478F9B8C /* StorageService.swift in Sources */ = {isa = PBXBuildFile; fileRef = 1CD1EFC1D9A2AA1CEBFED425 /* StorageService.swift */; };
		56D39FBC4578DB33A59F1FD7 /* StatsView.swift in Sources */ = {isa = PBXBuildFile; fileRef = 4659E7F802C5E9E05E3FB846 /* StatsView.swift */; };
		57852739A50E0A733D7317AA /* AppCoordinator.swift in Sources */ = {isa = PBXBuildFile; fileRef = 909305F9A062550966CC1371 /* AppCoordinator.swift */; };
		5A9BB8972619181EF4708C8F /* SettingsView.swift in Sources */ = {isa = PBXBuildFile; fileRef = F1A8B7CD815F61BFA88F56C7 /* SettingsView.swift */; };
		5B9693908DB68596F1D9C455 /* CalculatorRepositoryTests.swift in Sources */ = {isa = PBXBuildFile; fileRef = DCD0AFBDBDD33709F103AA55 /* CalculatorRepositoryTests.swift */; };
		6120C87BCA379ADFE31173E7 /* MainViewController.swift in Sources */ = {isa = PBXBuildFile; fileRef = A516A326EF19979AC987BB4D /* MainViewController.swift */; };
		62876782F5D29FB685F456F6 /* HomeViewModel.swift in Sources */ = {isa = PBXBuildFile; fileRef = 21D01FFE6FCDAC8B4F5D04C9 /* HomeViewModel.swift */; };
		63A4D1A620AA456C7927AFC0 /* CreditModel.swift in Sources */ = {isa = PBXBuildFile; fileRef = E9D23A166D127D3DE2E50E04 /* CreditModel.swift */; };
		6CA4ED246D71FAE5A901A388 /* KeychainService.swift in Sources */ = {isa = PBXBuildFile; fileRef = D7E5A8C01154D598C48281BB /* KeychainService.swift */; };
		6CB9A912135FF49A42B2324E /* RepositoryValidateImplTests.swift in Sources */ = {isa = PBXBuildFile; fileRef = 8A9554F22749B9C2530208D9 /* RepositoryValidateImplTests.swift */; };
		6D7630311A88A09983FBE9F8 /* SnapKit in Frameworks */ = {isa = PBXBuildFile; productRef = CCBAFB86001D8845DBB9C54E /* SnapKit */; };
		6D94A73C5ECEB0C5E9ED9EE7 /* MainViewControllerFactory.swift in Sources */ = {isa = PBXBuildFile; fileRef = 4ADD5DA46C5AA02D493BEB86 /* MainViewControllerFactory.swift */; };
		6DDA0C249BFB32B8592EC999 /* CalculatorUseCase.swift in Sources */ = {isa = PBXBuildFile; fileRef = 89AAE18E8EAF22F27974023B /* CalculatorUseCase.swift */; };
		6FCC1126C8D5833146BE7AD7 /* DebtDetailsBlock.swift in Sources */ = {isa = PBXBuildFile; fileRef = 919BBF89B780C88E064F5656 /* DebtDetailsBlock.swift */; };
		70BC0217E9ABD3262C112AEC /* CreditCardInfo.swift in Sources */ = {isa = PBXBuildFile; fileRef = 256FE770554F7F75BC05D2A1 /* CreditCardInfo.swift */; };
		7224FF8C50171536FA2420FF /* UsecaseValidateImplTests.swift in Sources */ = {isa = PBXBuildFile; fileRef = C93FBF61A44E1BC8331DEC14 /* UsecaseValidateImplTests.swift */; };
		72269F7259E244D93B23AAC7 /* PaymentTypeDTO.swift in Sources */ = {isa = PBXBuildFile; fileRef = 899D4633FD87DD240E0CBCEF /* PaymentTypeDTO.swift */; };
		73F2AC77783EF206F71D14CB /* InfoCard.swift in Sources */ = {isa = PBXBuildFile; fileRef = B4BBB1AFCC61F0621E2C87C2 /* InfoCard.swift */; };
		7D3C47AA0106A084D095EF99 /* HomeCoordinator.swift in Sources */ = {isa = PBXBuildFile; fileRef = D9A15035F4A3B05EA2FD8A13 /* HomeCoordinator.swift */; };
		816A10D6A47A6F03524D9BC5 /* BiometricService.swift in Sources */ = {isa = PBXBuildFile; fileRef = F40EAE4481759C1AC99F4D68 /* BiometricService.swift */; };
		89D8A100A299FA99E0DD5E1D /* FormatNumberTests.swift in Sources */ = {isa = PBXBuildFile; fileRef = 7108D1886C7F3F1D5150DA00 /* FormatNumberTests.swift */; };
		89EB2296AD4CEC8F3BBC4B2C /* DebtRepository.swift in Sources */ = {isa = PBXBuildFile; fileRef = 87B8EE8D69B8836B937B7C89 /* DebtRepository.swift */; };
		8E9F05804FD5C5DDED76DF2C /* AppDelegate.swift in Sources */ = {isa = PBXBuildFile; fileRef = 7234D625B736A6530F6D6C97 /* AppDelegate.swift */; };
		8F9ED34F8ECB970FFA169B99 /* CalculatorViewModel.swift in Sources */ = {isa = PBXBuildFile; fileRef = BE0D174A8DF06510BC412CC5 /* CalculatorViewModel.swift */; };
		93F499664C8AC9DEDEC6BF1C /* CalculatorInfo.swift in Sources */ = {isa = PBXBuildFile; fileRef = 66C8E646CA1EAE9221A09306 /* CalculatorInfo.swift */; };
		97CC3631F433419B8DB56019 /* UIKit+Extensions.swift in Sources */ = {isa = PBXBuildFile; fileRef = C18EA842324AD929B6CE76B4 /* UIKit+Extensions.swift */; };
		9DDAF097E93211F039897C1E /* HomeView+Ext.swift in Sources */ = {isa = PBXBuildFile; fileRef = 53A1E53029D16D9D797400D7 /* HomeView+Ext.swift */; };
		9DFEC9C11CD339D44D75CC6E /* MockCalculatorRepository.swift in Sources */ = {isa = PBXBuildFile; fileRef = BC24A8E02E85AC41EFFFA22B /* MockCalculatorRepository.swift */; };
		9F3209D6BD0233066EF11240 /* LaunchScreen.storyboard in Resources */ = {isa = PBXBuildFile; fileRef = 092C9967534D97179F2CC9BA /* LaunchScreen.storyboard */; };
		A37A21B310145227286E382E /* CreditDTO.swift in Sources */ = {isa = PBXBuildFile; fileRef = 014EF7A61FCCE70E8829A8A9 /* CreditDTO.swift */; };
		A53A0BE18ACA24FAEA974B27 /* PasswordInputViewModel.swift in Sources */ = {isa = PBXBuildFile; fileRef = AB2174EEC91CD3E48A4026D9 /* PasswordInputViewModel.swift */; };
		A67722C2E89671779A085B93 /* DebtDetailsInfoBlock.swift in Sources */ = {isa = PBXBuildFile; fileRef = AEB6A555018D81C1A8FB1925 /* DebtDetailsInfoBlock.swift */; };
		A7E4D8708CCA000D728C02D9 /* PasswordDotsView.swift in Sources */ = {isa = PBXBuildFile; fileRef = B4C5E0A940B999B59DE72803 /* PasswordDotsView.swift */; };
		A858C01C6A025AD7B5C26B17 /* CalculatorViewModelTests.swift in Sources */ = {isa = PBXBuildFile; fileRef = DFFE42E005C473F58E245242 /* CalculatorViewModelTests.swift */; };
		ABBD618606F0030948CA67A7 /* DebtUseCase.swift in Sources */ = {isa = PBXBuildFile; fileRef = 0028F12BB44DC4F0B360A478 /* DebtUseCase.swift */; };
		AD26423D8075717234E32C0C /* SettingsGroupDelegate.swift in Sources */ = {isa = PBXBuildFile; fileRef = 10B33DC01D28926EFB123802 /* SettingsGroupDelegate.swift */; };
		AFE0AB65F898B924AC683E15 /* PrimaryButton.swift in Sources */ = {isa = PBXBuildFile; fileRef = 2BFE83BB9A3F67A8A026CDEC /* PrimaryButton.swift */; };
		B0B7F527975BA55DA4E78ED7 /* DebtDetailsViewModel.swift in Sources */ = {isa = PBXBuildFile; fileRef = 3BAE270AEFF735C060F33545 /* DebtDetailsViewModel.swift */; };
		B232E52924BFDDAF58DF6C64 /* DIContainer.swift in Sources */ = {isa = PBXBuildFile; fileRef = 937DA073DC8670EA61483185 /* DIContainer.swift */; };
		B278E4B88911E15900858C1D /* CalculatorUseCaseTests.swift in Sources */ = {isa = PBXBuildFile; fileRef = B7478158A65DA63C852FFEC8 /* CalculatorUseCaseTests.swift */; };
		B5DF8A92226A561637DD081E /* CreditTypeDTO.swift in Sources */ = {isa = PBXBuildFile; fileRef = 357743D9539509C0414C63A3 /* CreditTypeDTO.swift */; };
		B65280E514183FF46B661409 /* PaymentModel.swift in Sources */ = {isa = PBXBuildFile; fileRef = 1A68388BBF07FFF183FDD71A /* PaymentModel.swift */; };
		B75AE6A0E172C5B652B526DF /* DebtDetailsGeneralInfo.swift in Sources */ = {isa = PBXBuildFile; fileRef = 7298D93344BB5E82388E4E9F /* DebtDetailsGeneralInfo.swift */; };
		B82F51332E27D835C78DFA43 /* NotificationDTO.swift in Sources */ = {isa = PBXBuildFile; fileRef = 5FF3D15712EBA8D5ACABFC0F /* NotificationDTO.swift */; };
		BBB2940106F96DF27190FC22 /* PaymentDTO.swift in Sources */ = {isa = PBXBuildFile; fileRef = 8D2B37D097A726235BD8EDAA /* PaymentDTO.swift */; };
		BBF2C34C257A8C9272FA9F2B /* CalculatorView.swift in Sources */ = {isa = PBXBuildFile; fileRef = 85569AFCB98EAEF98FD176C6 /* CalculatorView.swift */; };
		BDB0D810C39899A2A29157A3 /* AddDebtCoordinator.swift in Sources */ = {isa = PBXBuildFile; fileRef = 0731731F38ECBFBA40689E04 /* AddDebtCoordinator.swift */; };
		C22F4002AA1C8A78BDAB403F /* PasswordInputViewController.swift in Sources */ = {isa = PBXBuildFile; fileRef = 9785503508647D68A8BBE092 /* PasswordInputViewController.swift */; };
		C555F290D3EB22A19CEFC347 /* DebtDetailsBlockModel.swift in Sources */ = {isa = PBXBuildFile; fileRef = E28C106EE1D59DAFCC847DCE /* DebtDetailsBlockModel.swift */; };
		C6C4AD3B6D488D231C789CDC /* AddDebtViewModel.swift in Sources */ = {isa = PBXBuildFile; fileRef = A0A66CCF1AAB695EEDBA9287 /* AddDebtViewModel.swift */; };
		C7319EEED97A7BE9C8B9DC00 /* ZaimkaTests.swift in Sources */ = {isa = PBXBuildFile; fileRef = C87CDB5BF6196553069FA33E /* ZaimkaTests.swift */; };
		CBDA6D422DAC2D33B4440734 /* CreditTargetDTO.swift in Sources */ = {isa = PBXBuildFile; fileRef = 9FE1B884F70C8318FEB5FDCD /* CreditTargetDTO.swift */; };
		CE4EA6DE1D9100F623F5C47E /* DebtRepositoryProtocol.swift in Sources */ = {isa = PBXBuildFile; fileRef = D6BD3086090975332797C484 /* DebtRepositoryProtocol.swift */; };
		CE85A14292CA6386B6C6F2D4 /* Localizable.xcstrings in Resources */ = {isa = PBXBuildFile; fileRef = 1B4099F6F9510BC0E1C381A5 /* Localizable.xcstrings */; };
		CF72899266D7B58156774ECA /* ReusableView.swift in Sources */ = {isa = PBXBuildFile; fileRef = A2F7C2EB83AF215CCA69B357 /* ReusableView.swift */; };
		CFEC2FF1728D274118994FF9 /* UIClass+Extensions.swift in Sources */ = {isa = PBXBuildFile; fileRef = EE84A2EC06ED7913E911E8F5 /* UIClass+Extensions.swift */; };
		D5A9A4B755AAB4F3F3876967 /* AddDebtView.swift in Sources */ = {isa = PBXBuildFile; fileRef = 13674E51A2AEB86FD87AD8BB /* AddDebtView.swift */; };
		DB193D03E6CB44CD0121B2A5 /* CreditStorageTests.swift in Sources */ = {isa = PBXBuildFile; fileRef = 41E1BE2D36B6F122A56A7881 /* CreditStorageTests.swift */; };
		DBA41A7663444CF4DBDB6C96 /* Tab.swift in Sources */ = {isa = PBXBuildFile; fileRef = 10235009DE22CD6B6298F8A2 /* Tab.swift */; };
		DCA2A5E55FE174A0C9213AC2 /* DIContainerProtocol.swift in Sources */ = {isa = PBXBuildFile; fileRef = BA408FC657D92CD253CB8024 /* DIContainerProtocol.swift */; };
		E372D697EA665CD26912FA51 /* LocalizedKey.swift in Sources */ = {isa = PBXBuildFile; fileRef = 21EE46E440FEA150CBF43E46 /* LocalizedKey.swift */; };
		E58D5E5621EA2F56188386D4 /* DebtDetailsPaymentHistory.swift in Sources */ = {isa = PBXBuildFile; fileRef = 707818EFAA01F59C4A6EA8C2 /* DebtDetailsPaymentHistory.swift */; };
		EA4284FF94232529DB922176 /* MainCoordinator.swift in Sources */ = {isa = PBXBuildFile; fileRef = 51055B17E1B53764DBD776D4 /* MainCoordinator.swift */; };
		EEB618154CF8E92AD080E574 /* InputField.swift in Sources */ = {isa = PBXBuildFile; fileRef = DD3092CDDBB60E0B516747E7 /* InputField.swift */; };
		F07810E0DFBCE7462CB34184 /* StatsInfo.swift in Sources */ = {isa = PBXBuildFile; fileRef = EAE669E130EA5F55D92E09E5 /* StatsInfo.swift */; };
		F2AEE8F7708DCDF9F6F4022A /* GeneralCreditInfo.swift in Sources */ = {isa = PBXBuildFile; fileRef = 466D6029C54FFC02C7E1E43D /* GeneralCreditInfo.swift */; };
		F8C044320FBBFA8065A60193 /* String+Extensions.swift in Sources */ = {isa = PBXBuildFile; fileRef = B07A823376FECB8E9540D632 /* String+Extensions.swift */; };
		FA1E228168156D38E4B5223F /* SettingsViewController.swift in Sources */ = {isa = PBXBuildFile; fileRef = F798986B08E290C3628F3003 /* SettingsViewController.swift */; };
		FD0DE0564DCD65256739D056 /* DebtDetailsProgressInfo.swift in Sources */ = {isa = PBXBuildFile; fileRef = ADF6E8EE61854BCCAC603A59 /* DebtDetailsProgressInfo.swift */; };
		FF5D7EC2E0B91987BA4EA42B /* UIColor+Extensions.swift in Sources */ = {isa = PBXBuildFile; fileRef = 1E9AE58D669DB6A741DF9F01 /* UIColor+Extensions.swift */; };
		FFB29AB5ECA0FD5320FF19F3 /* SettingsGroupView.swift in Sources */ = {isa = PBXBuildFile; fileRef = B371B7B6F7A39EC05AE340F4 /* SettingsGroupView.swift */; };
/* End PBXBuildFile section */

/* Begin PBXContainerItemProxy section */
		65D3F7495B18040F088732CA /* PBXContainerItemProxy */ = {
			isa = PBXContainerItemProxy;
			containerPortal = AEE1DBE293321383809F6A0E /* Project object */;
			proxyType = 1;
			remoteGlobalIDString = FC38E49F8B9648DAF9AEA13E;
			remoteInfo = Zaimka;
		};
/* End PBXContainerItemProxy section */

/* Begin PBXFileReference section */
		0028F12BB44DC4F0B360A478 /* DebtUseCase.swift */ = {isa = PBXFileReference; lastKnownFileType = sourcecode.swift; path = DebtUseCase.swift; sourceTree = "<group>"; };
		00E6919FCFD8D220107F701D /* AddDebtViewController.swift */ = {isa = PBXFileReference; lastKnownFileType = sourcecode.swift; path = AddDebtViewController.swift; sourceTree = "<group>"; };
		014EF7A61FCCE70E8829A8A9 /* CreditDTO.swift */ = {isa = PBXFileReference; lastKnownFileType = sourcecode.swift; path = CreditDTO.swift; sourceTree = "<group>"; };
		04C90A7EC06C071189C66C1D /* CreditType.swift */ = {isa = PBXFileReference; lastKnownFileType = sourcecode.swift; path = CreditType.swift; sourceTree = "<group>"; };
		0731731F38ECBFBA40689E04 /* AddDebtCoordinator.swift */ = {isa = PBXFileReference; lastKnownFileType = sourcecode.swift; path = AddDebtCoordinator.swift; sourceTree = "<group>"; };
		10235009DE22CD6B6298F8A2 /* Tab.swift */ = {isa = PBXFileReference; lastKnownFileType = sourcecode.swift; path = Tab.swift; sourceTree = "<group>"; };
		10B33DC01D28926EFB123802 /* SettingsGroupDelegate.swift */ = {isa = PBXFileReference; lastKnownFileType = sourcecode.swift; path = SettingsGroupDelegate.swift; sourceTree = "<group>"; };
		1261649BBBCBF88D3DA808ED /* Credit.swift */ = {isa = PBXFileReference; lastKnownFileType = sourcecode.swift; path = Credit.swift; sourceTree = "<group>"; };
		13674E51A2AEB86FD87AD8BB /* AddDebtView.swift */ = {isa = PBXFileReference; lastKnownFileType = sourcecode.swift; path = AddDebtView.swift; sourceTree = "<group>"; };
		1A68388BBF07FFF183FDD71A /* PaymentModel.swift */ = {isa = PBXFileReference; lastKnownFileType = sourcecode.swift; path = PaymentModel.swift; sourceTree = "<group>"; };
		1B4099F6F9510BC0E1C381A5 /* Localizable.xcstrings */ = {isa = PBXFileReference; lastKnownFileType = text.json.xcstrings; path = Localizable.xcstrings; sourceTree = "<group>"; };
		1CD1EFC1D9A2AA1CEBFED425 /* StorageService.swift */ = {isa = PBXFileReference; lastKnownFileType = sourcecode.swift; path = StorageService.swift; sourceTree = "<group>"; };
		1E9AE58D669DB6A741DF9F01 /* UIColor+Extensions.swift */ = {isa = PBXFileReference; lastKnownFileType = sourcecode.swift; path = "UIColor+Extensions.swift"; sourceTree = "<group>"; };
		207A1358C266B3F0B21043DD /* AppLogger.swift */ = {isa = PBXFileReference; lastKnownFileType = sourcecode.swift; path = AppLogger.swift; sourceTree = "<group>"; };
		21D01FFE6FCDAC8B4F5D04C9 /* HomeViewModel.swift */ = {isa = PBXFileReference; lastKnownFileType = sourcecode.swift; path = HomeViewModel.swift; sourceTree = "<group>"; };
		21EE46E440FEA150CBF43E46 /* LocalizedKey.swift */ = {isa = PBXFileReference; lastKnownFileType = sourcecode.swift; path = LocalizedKey.swift; sourceTree = "<group>"; };
		2293702762D9A5332283809A /* PrivacyInfo.xcprivacy */ = {isa = PBXFileReference; path = PrivacyInfo.xcprivacy; sourceTree = "<group>"; };
		256FE770554F7F75BC05D2A1 /* CreditCardInfo.swift */ = {isa = PBXFileReference; lastKnownFileType = sourcecode.swift; path = CreditCardInfo.swift; sourceTree = "<group>"; };
		25F40E77C3B4ECB4630CD589 /* CustomTabBar.swift */ = {isa = PBXFileReference; lastKnownFileType = sourcecode.swift; path = CustomTabBar.swift; sourceTree = "<group>"; };
		2A6D18206A0F6DCFC6C9EF99 /* DebtDetailsViewController.swift */ = {isa = PBXFileReference; lastKnownFileType = sourcecode.swift; path = DebtDetailsViewController.swift; sourceTree = "<group>"; };
		2BFE83BB9A3F67A8A026CDEC /* PrimaryButton.swift */ = {isa = PBXFileReference; lastKnownFileType = sourcecode.swift; path = PrimaryButton.swift; sourceTree = "<group>"; };
		357743D9539509C0414C63A3 /* CreditTypeDTO.swift */ = {isa = PBXFileReference; lastKnownFileType = sourcecode.swift; path = CreditTypeDTO.swift; sourceTree = "<group>"; };
		364D8C9D46DB8E718276E448 /* HomeView.swift */ = {isa = PBXFileReference; lastKnownFileType = sourcecode.swift; path = HomeView.swift; sourceTree = "<group>"; };
		3BAE270AEFF735C060F33545 /* DebtDetailsViewModel.swift */ = {isa = PBXFileReference; lastKnownFileType = sourcecode.swift; path = DebtDetailsViewModel.swift; sourceTree = "<group>"; };
		41E1BE2D36B6F122A56A7881 /* CreditStorageTests.swift */ = {isa = PBXFileReference; lastKnownFileType = sourcecode.swift; path = CreditStorageTests.swift; sourceTree = "<group>"; };
		437067773DBCEA4985B8F368 /* KeyboardView.swift */ = {isa = PBXFileReference; lastKnownFileType = sourcecode.swift; path = KeyboardView.swift; sourceTree = "<group>"; };
		44864E47F269418B62432073 /* UserDefaultsManager.swift */ = {isa = PBXFileReference; lastKnownFileType = sourcecode.swift; path = UserDefaultsManager.swift; sourceTree = "<group>"; };
		4659E7F802C5E9E05E3FB846 /* StatsView.swift */ = {isa = PBXFileReference; lastKnownFileType = sourcecode.swift; path = StatsView.swift; sourceTree = "<group>"; };
		466D6029C54FFC02C7E1E43D /* GeneralCreditInfo.swift */ = {isa = PBXFileReference; lastKnownFileType = sourcecode.swift; path = GeneralCreditInfo.swift; sourceTree = "<group>"; };
		46DFB9B5ECA705E5A6400A6F /* Info.plist */ = {isa = PBXFileReference; lastKnownFileType = text.plist; path = Info.plist; sourceTree = "<group>"; };
		4ADD5DA46C5AA02D493BEB86 /* MainViewControllerFactory.swift */ = {isa = PBXFileReference; lastKnownFileType = sourcecode.swift; path = MainViewControllerFactory.swift; sourceTree = "<group>"; };
		51055B17E1B53764DBD776D4 /* MainCoordinator.swift */ = {isa = PBXFileReference; lastKnownFileType = sourcecode.swift; path = MainCoordinator.swift; sourceTree = "<group>"; };
		53A1E53029D16D9D797400D7 /* HomeView+Ext.swift */ = {isa = PBXFileReference; lastKnownFileType = sourcecode.swift; path = "HomeView+Ext.swift"; sourceTree = "<group>"; };
		552EAAAEFA01468131C04ACE /* SceneDelegate.swift */ = {isa = PBXFileReference; lastKnownFileType = sourcecode.swift; path = SceneDelegate.swift; sourceTree = "<group>"; };
		5E297083D0626AB2CA01A6CD /* DebtDetailsPaymentHistoryItem.swift */ = {isa = PBXFileReference; lastKnownFileType = sourcecode.swift; path = DebtDetailsPaymentHistoryItem.swift; sourceTree = "<group>"; };
		5FF3D15712EBA8D5ACABFC0F /* NotificationDTO.swift */ = {isa = PBXFileReference; lastKnownFileType = sourcecode.swift; path = NotificationDTO.swift; sourceTree = "<group>"; };
		66C8E646CA1EAE9221A09306 /* CalculatorInfo.swift */ = {isa = PBXFileReference; lastKnownFileType = sourcecode.swift; path = CalculatorInfo.swift; sourceTree = "<group>"; };
		6EC7E264DC149FA35EA58375 /* Zaimka.app */ = {isa = PBXFileReference; includeInIndex = 0; lastKnownFileType = wrapper.application; path = Zaimka.app; sourceTree = BUILT_PRODUCTS_DIR; };
		707818EFAA01F59C4A6EA8C2 /* DebtDetailsPaymentHistory.swift */ = {isa = PBXFileReference; lastKnownFileType = sourcecode.swift; path = DebtDetailsPaymentHistory.swift; sourceTree = "<group>"; };
		7108D1886C7F3F1D5150DA00 /* FormatNumberTests.swift */ = {isa = PBXFileReference; lastKnownFileType = sourcecode.swift; path = FormatNumberTests.swift; sourceTree = "<group>"; };
		7234D625B736A6530F6D6C97 /* AppDelegate.swift */ = {isa = PBXFileReference; lastKnownFileType = sourcecode.swift; path = AppDelegate.swift; sourceTree = "<group>"; };
		7298D93344BB5E82388E4E9F /* DebtDetailsGeneralInfo.swift */ = {isa = PBXFileReference; lastKnownFileType = sourcecode.swift; path = DebtDetailsGeneralInfo.swift; sourceTree = "<group>"; };
		7C9A8CEE22433638114E5ED5 /* CreditStorage.swift */ = {isa = PBXFileReference; lastKnownFileType = sourcecode.swift; path = CreditStorage.swift; sourceTree = "<group>"; };
		85569AFCB98EAEF98FD176C6 /* CalculatorView.swift */ = {isa = PBXFileReference; lastKnownFileType = sourcecode.swift; path = CalculatorView.swift; sourceTree = "<group>"; };
		87B8EE8D69B8836B937B7C89 /* DebtRepository.swift */ = {isa = PBXFileReference; lastKnownFileType = sourcecode.swift; path = DebtRepository.swift; sourceTree = "<group>"; };
		8829EBF9443C198863D4E52C /* DebtCalculation.swift */ = {isa = PBXFileReference; lastKnownFileType = sourcecode.swift; path = DebtCalculation.swift; sourceTree = "<group>"; };
		893BD3C067E2C360DC0741A2 /* StatRow.swift */ = {isa = PBXFileReference; lastKnownFileType = sourcecode.swift; path = StatRow.swift; sourceTree = "<group>"; };
		899D4633FD87DD240E0CBCEF /* PaymentTypeDTO.swift */ = {isa = PBXFileReference; lastKnownFileType = sourcecode.swift; path = PaymentTypeDTO.swift; sourceTree = "<group>"; };
		89AAE18E8EAF22F27974023B /* CalculatorUseCase.swift */ = {isa = PBXFileReference; lastKnownFileType = sourcecode.swift; path = CalculatorUseCase.swift; sourceTree = "<group>"; };
		8A9554F22749B9C2530208D9 /* RepositoryValidateImplTests.swift */ = {isa = PBXFileReference; lastKnownFileType = sourcecode.swift; path = RepositoryValidateImplTests.swift; sourceTree = "<group>"; };
		8D2B37D097A726235BD8EDAA /* PaymentDTO.swift */ = {isa = PBXFileReference; lastKnownFileType = sourcecode.swift; path = PaymentDTO.swift; sourceTree = "<group>"; };
		909305F9A062550966CC1371 /* AppCoordinator.swift */ = {isa = PBXFileReference; lastKnownFileType = sourcecode.swift; path = AppCoordinator.swift; sourceTree = "<group>"; };
		9189A9891FA718B6B788D28E /* CoreDataStack.swift */ = {isa = PBXFileReference; lastKnownFileType = sourcecode.swift; path = CoreDataStack.swift; sourceTree = "<group>"; };
		919BBF89B780C88E064F5656 /* DebtDetailsBlock.swift */ = {isa = PBXFileReference; lastKnownFileType = sourcecode.swift; path = DebtDetailsBlock.swift; sourceTree = "<group>"; };
		937DA073DC8670EA61483185 /* DIContainer.swift */ = {isa = PBXFileReference; lastKnownFileType = sourcecode.swift; path = DIContainer.swift; sourceTree = "<group>"; };
		9785503508647D68A8BBE092 /* PasswordInputViewController.swift */ = {isa = PBXFileReference; lastKnownFileType = sourcecode.swift; path = PasswordInputViewController.swift; sourceTree = "<group>"; };
		9FE1B884F70C8318FEB5FDCD /* CreditTargetDTO.swift */ = {isa = PBXFileReference; lastKnownFileType = sourcecode.swift; path = CreditTargetDTO.swift; sourceTree = "<group>"; };
		A0A66CCF1AAB695EEDBA9287 /* AddDebtViewModel.swift */ = {isa = PBXFileReference; lastKnownFileType = sourcecode.swift; path = AddDebtViewModel.swift; sourceTree = "<group>"; };
		A2F7C2EB83AF215CCA69B357 /* ReusableView.swift */ = {isa = PBXFileReference; lastKnownFileType = sourcecode.swift; path = ReusableView.swift; sourceTree = "<group>"; };
		A516A326EF19979AC987BB4D /* MainViewController.swift */ = {isa = PBXFileReference; lastKnownFileType = sourcecode.swift; path = MainViewController.swift; sourceTree = "<group>"; };
		A9A6FCC002645B947E008D0A /* DebtDetailsView.swift */ = {isa = PBXFileReference; lastKnownFileType = sourcecode.swift; path = DebtDetailsView.swift; sourceTree = "<group>"; };
		AB2174EEC91CD3E48A4026D9 /* PasswordInputViewModel.swift */ = {isa = PBXFileReference; lastKnownFileType = sourcecode.swift; path = PasswordInputViewModel.swift; sourceTree = "<group>"; };
		ADF6E8EE61854BCCAC603A59 /* DebtDetailsProgressInfo.swift */ = {isa = PBXFileReference; lastKnownFileType = sourcecode.swift; path = DebtDetailsProgressInfo.swift; sourceTree = "<group>"; };
		AEB6A555018D81C1A8FB1925 /* DebtDetailsInfoBlock.swift */ = {isa = PBXFileReference; lastKnownFileType = sourcecode.swift; path = DebtDetailsInfoBlock.swift; sourceTree = "<group>"; };
		B07A823376FECB8E9540D632 /* String+Extensions.swift */ = {isa = PBXFileReference; lastKnownFileType = sourcecode.swift; path = "String+Extensions.swift"; sourceTree = "<group>"; };
		B371B7B6F7A39EC05AE340F4 /* SettingsGroupView.swift */ = {isa = PBXFileReference; lastKnownFileType = sourcecode.swift; path = SettingsGroupView.swift; sourceTree = "<group>"; };
		B4BBB1AFCC61F0621E2C87C2 /* InfoCard.swift */ = {isa = PBXFileReference; lastKnownFileType = sourcecode.swift; path = InfoCard.swift; sourceTree = "<group>"; };
		B4C5E0A940B999B59DE72803 /* PasswordDotsView.swift */ = {isa = PBXFileReference; lastKnownFileType = sourcecode.swift; path = PasswordDotsView.swift; sourceTree = "<group>"; };
		B7478158A65DA63C852FFEC8 /* CalculatorUseCaseTests.swift */ = {isa = PBXFileReference; lastKnownFileType = sourcecode.swift; path = CalculatorUseCaseTests.swift; sourceTree = "<group>"; };
		BA408FC657D92CD253CB8024 /* DIContainerProtocol.swift */ = {isa = PBXFileReference; lastKnownFileType = sourcecode.swift; path = DIContainerProtocol.swift; sourceTree = "<group>"; };
		BC24A8E02E85AC41EFFFA22B /* MockCalculatorRepository.swift */ = {isa = PBXFileReference; lastKnownFileType = sourcecode.swift; path = MockCalculatorRepository.swift; sourceTree = "<group>"; };
		BE0D174A8DF06510BC412CC5 /* CalculatorViewModel.swift */ = {isa = PBXFileReference; lastKnownFileType = sourcecode.swift; path = CalculatorViewModel.swift; sourceTree = "<group>"; };
		C18EA842324AD929B6CE76B4 /* UIKit+Extensions.swift */ = {isa = PBXFileReference; lastKnownFileType = sourcecode.swift; path = "UIKit+Extensions.swift"; sourceTree = "<group>"; };
		C87CDB5BF6196553069FA33E /* ZaimkaTests.swift */ = {isa = PBXFileReference; lastKnownFileType = sourcecode.swift; path = ZaimkaTests.swift; sourceTree = "<group>"; };
		C93FBF61A44E1BC8331DEC14 /* UsecaseValidateImplTests.swift */ = {isa = PBXFileReference; lastKnownFileType = sourcecode.swift; path = UsecaseValidateImplTests.swift; sourceTree = "<group>"; };
		CB107267BE9ED204506A7768 /* FormatNumber.swift */ = {isa = PBXFileReference; lastKnownFileType = sourcecode.swift; path = FormatNumber.swift; sourceTree = "<group>"; };
		D2448FF236C324D97DF9404C /* DebtDetailsCoordinator.swift */ = {isa = PBXFileReference; lastKnownFileType = sourcecode.swift; path = DebtDetailsCoordinator.swift; sourceTree = "<group>"; };
		D6726BFD39EA0D36E53A2E9B /* MockRepositoryValidate.swift */ = {isa = PBXFileReference; lastKnownFileType = sourcecode.swift; path = MockRepositoryValidate.swift; sourceTree = "<group>"; };
		D6BD3086090975332797C484 /* DebtRepositoryProtocol.swift */ = {isa = PBXFileReference; lastKnownFileType = sourcecode.swift; path = DebtRepositoryProtocol.swift; sourceTree = "<group>"; };
		D7E5A8C01154D598C48281BB /* KeychainService.swift */ = {isa = PBXFileReference; lastKnownFileType = sourcecode.swift; path = KeychainService.swift; sourceTree = "<group>"; };
		D8BA7253C64FBC71B722A668 /* Base */ = {isa = PBXFileReference; lastKnownFileType = file.storyboard; name = Base; path = Base.lproj/LaunchScreen.storyboard; sourceTree = "<group>"; };
		D9A15035F4A3B05EA2FD8A13 /* HomeCoordinator.swift */ = {isa = PBXFileReference; lastKnownFileType = sourcecode.swift; path = HomeCoordinator.swift; sourceTree = "<group>"; };
		DCD0AFBDBDD33709F103AA55 /* CalculatorRepositoryTests.swift */ = {isa = PBXFileReference; lastKnownFileType = sourcecode.swift; path = CalculatorRepositoryTests.swift; sourceTree = "<group>"; };
		DD3092CDDBB60E0B516747E7 /* InputField.swift */ = {isa = PBXFileReference; lastKnownFileType = sourcecode.swift; path = InputField.swift; sourceTree = "<group>"; };
		DEA68E2EE7C6E8009E418E88 /* DebtDetailsPaymentHistoryCell.swift */ = {isa = PBXFileReference; lastKnownFileType = sourcecode.swift; path = DebtDetailsPaymentHistoryCell.swift; sourceTree = "<group>"; };
		DF61F92828E2EF596C570AAF /* MainViewModel.swift */ = {isa = PBXFileReference; lastKnownFileType = sourcecode.swift; path = MainViewModel.swift; sourceTree = "<group>"; };
		DFA309E3B109BC42B96409C6 /* ZaimkaTests.xctest */ = {isa = PBXFileReference; includeInIndex = 0; lastKnownFileType = wrapper.cfbundle; path = ZaimkaTests.xctest; sourceTree = BUILT_PRODUCTS_DIR; };
		DFFE42E005C473F58E245242 /* CalculatorViewModelTests.swift */ = {isa = PBXFileReference; lastKnownFileType = sourcecode.swift; path = CalculatorViewModelTests.swift; sourceTree = "<group>"; };
		E02BFB94B837D8AC54831D78 /* Assets.xcassets */ = {isa = PBXFileReference; lastKnownFileType = folder.assetcatalog; path = Assets.xcassets; sourceTree = "<group>"; };
		E110C5B676ADBCFDFC8272E8 /* CalculatorRepositoryProtocol.swift */ = {isa = PBXFileReference; lastKnownFileType = sourcecode.swift; path = CalculatorRepositoryProtocol.swift; sourceTree = "<group>"; };
		E28C106EE1D59DAFCC847DCE /* DebtDetailsBlockModel.swift */ = {isa = PBXFileReference; lastKnownFileType = sourcecode.swift; path = DebtDetailsBlockModel.swift; sourceTree = "<group>"; };
		E3B69E4270198CE622A0FC1F /* CoordinatorProtocol.swift */ = {isa = PBXFileReference; lastKnownFileType = sourcecode.swift; path = CoordinatorProtocol.swift; sourceTree = "<group>"; };
		E8D994770ABA177FBC62B639 /* CalculatorRepository.swift */ = {isa = PBXFileReference; lastKnownFileType = sourcecode.swift; path = CalculatorRepository.swift; sourceTree = "<group>"; };
		E9D23A166D127D3DE2E50E04 /* CreditModel.swift */ = {isa = PBXFileReference; lastKnownFileType = sourcecode.swift; path = CreditModel.swift; sourceTree = "<group>"; };
		EAE669E130EA5F55D92E09E5 /* StatsInfo.swift */ = {isa = PBXFileReference; lastKnownFileType = sourcecode.swift; path = StatsInfo.swift; sourceTree = "<group>"; };
		EE84A2EC06ED7913E911E8F5 /* UIClass+Extensions.swift */ = {isa = PBXFileReference; lastKnownFileType = sourcecode.swift; path = "UIClass+Extensions.swift"; sourceTree = "<group>"; };
		F1A8B7CD815F61BFA88F56C7 /* SettingsView.swift */ = {isa = PBXFileReference; lastKnownFileType = sourcecode.swift; path = SettingsView.swift; sourceTree = "<group>"; };
		F40EAE4481759C1AC99F4D68 /* BiometricService.swift */ = {isa = PBXFileReference; lastKnownFileType = sourcecode.swift; path = BiometricService.swift; sourceTree = "<group>"; };
		F798986B08E290C3628F3003 /* SettingsViewController.swift */ = {isa = PBXFileReference; lastKnownFileType = sourcecode.swift; path = SettingsViewController.swift; sourceTree = "<group>"; };
/* End PBXFileReference section */

/* Begin PBXFrameworksBuildPhase section */
		0B926400433482FB41D2483F /* Frameworks */ = {
			isa = PBXFrameworksBuildPhase;
			buildActionMask = 2147483647;
			files = (
				6D7630311A88A09983FBE9F8 /* SnapKit in Frameworks */,
			);
			runOnlyForDeploymentPostprocessing = 0;
		};
/* End PBXFrameworksBuildPhase section */

/* Begin PBXGroup section */
		026F93D66A70DBED1F744320 /* Coordinator */ = {
			isa = PBXGroup;
			children = (
				D9A15035F4A3B05EA2FD8A13 /* HomeCoordinator.swift */,
			);
			path = Coordinator;
			sourceTree = "<group>";
		};
		044448E4FA3F70D9620B7B0B /* Entities */ = {
			isa = PBXGroup;
			children = (
				66C8E646CA1EAE9221A09306 /* CalculatorInfo.swift */,
				1261649BBBCBF88D3DA808ED /* Credit.swift */,
				256FE770554F7F75BC05D2A1 /* CreditCardInfo.swift */,
				04C90A7EC06C071189C66C1D /* CreditType.swift */,
				8829EBF9443C198863D4E52C /* DebtCalculation.swift */,
				E28C106EE1D59DAFCC847DCE /* DebtDetailsBlockModel.swift */,
				5E297083D0626AB2CA01A6CD /* DebtDetailsPaymentHistoryItem.swift */,
				466D6029C54FFC02C7E1E43D /* GeneralCreditInfo.swift */,
				EAE669E130EA5F55D92E09E5 /* StatsInfo.swift */,
				10235009DE22CD6B6298F8A2 /* Tab.swift */,
			);
			path = Entities;
			sourceTree = "<group>";
		};
		06EE5FA51AAE51677D5B30F3 /* AddDebt */ = {
			isa = PBXGroup;
			children = (
				557341BD9DCB40A7B8EB5C69 /* Coordinator */,
				1A69EB1F5CF2EE37619423E7 /* ViewModels */,
				57BE46738CA15CDF4B071A1F /* Views */,
			);
			path = AddDebt;
			sourceTree = "<group>";
		};
		126A84CADDEEF5C7A94381E1 /* Common */ = {
			isa = PBXGroup;
			children = (
				7032362DE0E2184BAA95826A /* Extensions */,
				820FED9B741682B298F0B9A5 /* Resources */,
				CB8C52D89CC1C81D2590195D /* Views */,
			);
			path = Common;
			sourceTree = "<group>";
		};
		1A69EB1F5CF2EE37619423E7 /* ViewModels */ = {
			isa = PBXGroup;
			children = (
				A0A66CCF1AAB695EEDBA9287 /* AddDebtViewModel.swift */,
			);
			path = ViewModels;
			sourceTree = "<group>";
		};
		1E8605A61479E42FCC06772E /* PasswordSetup */ = {
			isa = PBXGroup;
			children = (
				BEEC80184C3BF885F253839D /* ViewModels */,
				E1B2D992744F3AEE2114FF1C /* Views */,
			);
			path = PasswordSetup;
			sourceTree = "<group>";
		};
		236B01E4207B51D0A91BD4F2 /* ViewModels */ = {
			isa = PBXGroup;
			children = (
				BE0D174A8DF06510BC412CC5 /* CalculatorViewModel.swift */,
			);
			path = ViewModels;
			sourceTree = "<group>";
		};
		24F9F53BD4EC253B1FA338A3 /* CoreData */ = {
			isa = PBXGroup;
			children = (
				9189A9891FA718B6B788D28E /* CoreDataStack.swift */,
			);
			path = CoreData;
			sourceTree = "<group>";
		};
		25B8364C1C09BE14B5C5518D /* Services */ = {
			isa = PBXGroup;
			children = (
				F40EAE4481759C1AC99F4D68 /* BiometricService.swift */,
				D7E5A8C01154D598C48281BB /* KeychainService.swift */,
				1CD1EFC1D9A2AA1CEBFED425 /* StorageService.swift */,
			);
			path = Services;
			sourceTree = "<group>";
		};
		2F615A6C7AE0171D5DF1AF5D /* DTO */ = {
			isa = PBXGroup;
			children = (
				014EF7A61FCCE70E8829A8A9 /* CreditDTO.swift */,
				9FE1B884F70C8318FEB5FDCD /* CreditTargetDTO.swift */,
				357743D9539509C0414C63A3 /* CreditTypeDTO.swift */,
				5FF3D15712EBA8D5ACABFC0F /* NotificationDTO.swift */,
				8D2B37D097A726235BD8EDAA /* PaymentDTO.swift */,
				899D4633FD87DD240E0CBCEF /* PaymentTypeDTO.swift */,
			);
			path = DTO;
			sourceTree = "<group>";
		};
		2FA98F88FF46C466BF738798 /* DebtDetails */ = {
			isa = PBXGroup;
			children = (
				45B0DE4AD73102BD7C6C64F5 /* Coordinator */,
				E68C208134CB0E30302C6BAF /* ViewModels */,
				5ED00E7C5C6C1154F2AD4089 /* Views */,
			);
			path = DebtDetails;
			sourceTree = "<group>";
		};
		3461E34F5E359F360615AF9B /* Core */ = {
			isa = PBXGroup;
			children = (
				85A6DEE7F71113E10B95D82E /* Coordinator */,
				8747A77A252579250B8D9F46 /* DI */,
				BAB67E06D19AE39CEE461EA5 /* Extensions */,
				A1308639511138C6D019EFC1 /* Logging */,
			);
			path = Core;
			sourceTree = "<group>";
		};
		3F74F17B1215D8854914DA5F /* Tests */ = {
			isa = PBXGroup;
			children = (
				E9735051DFCEA5F14B1AAEE0 /* Calculator */,
				E9F73BC82211DAE315CA066E /* Core */,
				E0755763F606A23FAA211FBE /* Debt */,
				E421AA510AE92E506259385C /* Storage */,
			);
			path = Tests;
			sourceTree = "<group>";
		};
		4331489B6EDDD861815C77C1 /* Products */ = {
			isa = PBXGroup;
			children = (
				6EC7E264DC149FA35EA58375 /* Zaimka.app */,
				DFA309E3B109BC42B96409C6 /* ZaimkaTests.xctest */,
			);
			name = Products;
			sourceTree = "<group>";
		};
		44621F31988822B0B0B3F37C /* Settings */ = {
			isa = PBXGroup;
			children = (
				AFBD974180D327DA423C50D6 /* Views */,
			);
			path = Settings;
			sourceTree = "<group>";
		};
		44F07EFC3A6AB183343EAE3D /* Flows */ = {
			isa = PBXGroup;
			children = (
				06EE5FA51AAE51677D5B30F3 /* AddDebt */,
				9AEB5D41955FFD8F41769A04 /* Calculator */,
				2FA98F88FF46C466BF738798 /* DebtDetails */,
				CC72FC28DB18B253FD37F50D /* Home */,
				98921C32DA661AECB859396C /* Main */,
				1E8605A61479E42FCC06772E /* PasswordSetup */,
				44621F31988822B0B0B3F37C /* Settings */,
				7EAF98494310F07E491666DD /* Stats */,
			);
			path = Flows;
			sourceTree = "<group>";
		};
		45B0DE4AD73102BD7C6C64F5 /* Coordinator */ = {
			isa = PBXGroup;
			children = (
				D2448FF236C324D97DF9404C /* DebtDetailsCoordinator.swift */,
			);
			path = Coordinator;
			sourceTree = "<group>";
		};
		4B323EB8617B4848FA118CC3 /* Storage */ = {
			isa = PBXGroup;
			children = (
				24F9F53BD4EC253B1FA338A3 /* CoreData */,
				63F5210FC4A05E5696B1443F /* SwiftData */,
				8665B8F9AFDC6E471423A70A /* UserDefaults */,
			);
			path = Storage;
			sourceTree = "<group>";
		};
		515A41A7AB411398FF8E0C12 /* Views */ = {
			isa = PBXGroup;
			children = (
				25F40E77C3B4ECB4630CD589 /* CustomTabBar.swift */,
				A516A326EF19979AC987BB4D /* MainViewController.swift */,
			);
			path = Views;
			sourceTree = "<group>";
		};
		557341BD9DCB40A7B8EB5C69 /* Coordinator */ = {
			isa = PBXGroup;
			children = (
				0731731F38ECBFBA40689E04 /* AddDebtCoordinator.swift */,
			);
			path = Coordinator;
			sourceTree = "<group>";
		};
		55B5411BF6B25900B6C8735B /* Repositories */ = {
			isa = PBXGroup;
			children = (
				E8D994770ABA177FBC62B639 /* CalculatorRepository.swift */,
				87B8EE8D69B8836B937B7C89 /* DebtRepository.swift */,
			);
			path = Repositories;
			sourceTree = "<group>";
		};
		57BE46738CA15CDF4B071A1F /* Views */ = {
			isa = PBXGroup;
			children = (
				13674E51A2AEB86FD87AD8BB /* AddDebtView.swift */,
				00E6919FCFD8D220107F701D /* AddDebtViewController.swift */,
			);
			path = Views;
			sourceTree = "<group>";
		};
		5ED00E7C5C6C1154F2AD4089 /* Views */ = {
			isa = PBXGroup;
			children = (
				919BBF89B780C88E064F5656 /* DebtDetailsBlock.swift */,
				7298D93344BB5E82388E4E9F /* DebtDetailsGeneralInfo.swift */,
				AEB6A555018D81C1A8FB1925 /* DebtDetailsInfoBlock.swift */,
				707818EFAA01F59C4A6EA8C2 /* DebtDetailsPaymentHistory.swift */,
				DEA68E2EE7C6E8009E418E88 /* DebtDetailsPaymentHistoryCell.swift */,
				ADF6E8EE61854BCCAC603A59 /* DebtDetailsProgressInfo.swift */,
				A9A6FCC002645B947E008D0A /* DebtDetailsView.swift */,
				2A6D18206A0F6DCFC6C9EF99 /* DebtDetailsViewController.swift */,
			);
			path = Views;
			sourceTree = "<group>";
		};
		63F5210FC4A05E5696B1443F /* SwiftData */ = {
			isa = PBXGroup;
			children = (
				7C9A8CEE22433638114E5ED5 /* CreditStorage.swift */,
			);
			path = SwiftData;
			sourceTree = "<group>";
		};
		7032362DE0E2184BAA95826A /* Extensions */ = {
			isa = PBXGroup;
			children = (
				EE84A2EC06ED7913E911E8F5 /* UIClass+Extensions.swift */,
			);
			path = Extensions;
			sourceTree = "<group>";
		};
		70AA556DDEC622AD72FE116E /* Factory */ = {
			isa = PBXGroup;
			children = (
				4ADD5DA46C5AA02D493BEB86 /* MainViewControllerFactory.swift */,
			);
			path = Factory;
			sourceTree = "<group>";
		};
		7D9C07FB3B1CBBCC1389F7EA /* Data */ = {
			isa = PBXGroup;
			children = (
				E7DA1E485EEA84ED26BF3938 /* DataModels */,
				2F615A6C7AE0171D5DF1AF5D /* DTO */,
				55B5411BF6B25900B6C8735B /* Repositories */,
				25B8364C1C09BE14B5C5518D /* Services */,
				4B323EB8617B4848FA118CC3 /* Storage */,
			);
			path = Data;
			sourceTree = "<group>";
		};
		7EAF98494310F07E491666DD /* Stats */ = {
			isa = PBXGroup;
			children = (
				C8131B87D7D62EC1746989AD /* Views */,
			);
			path = Stats;
			sourceTree = "<group>";
		};
		820FED9B741682B298F0B9A5 /* Resources */ = {
			isa = PBXGroup;
			children = (
				E02BFB94B837D8AC54831D78 /* Assets.xcassets */,
				46DFB9B5ECA705E5A6400A6F /* Info.plist */,
				092C9967534D97179F2CC9BA /* LaunchScreen.storyboard */,
				1B4099F6F9510BC0E1C381A5 /* Localizable.xcstrings */,
				21EE46E440FEA150CBF43E46 /* LocalizedKey.swift */,
			);
			path = Resources;
			sourceTree = "<group>";
		};
		85A6DEE7F71113E10B95D82E /* Coordinator */ = {
			isa = PBXGroup;
			children = (
				E3B69E4270198CE622A0FC1F /* CoordinatorProtocol.swift */,
			);
			path = Coordinator;
			sourceTree = "<group>";
		};
		8665B8F9AFDC6E471423A70A /* UserDefaults */ = {
			isa = PBXGroup;
			children = (
				44864E47F269418B62432073 /* UserDefaultsManager.swift */,
			);
			path = UserDefaults;
			sourceTree = "<group>";
		};
		8747A77A252579250B8D9F46 /* DI */ = {
			isa = PBXGroup;
			children = (
				BA408FC657D92CD253CB8024 /* DIContainerProtocol.swift */,
			);
			path = DI;
			sourceTree = "<group>";
		};
		878FC0C0140388B4D7C43CFA /* Domain */ = {
			isa = PBXGroup;
			children = (
				044448E4FA3F70D9620B7B0B /* Entities */,
				FF7009BBECBA566360FAF764 /* Repositories */,
				89971AEC107C3D75D4E99F68 /* UseCases */,
			);
			path = Domain;
			sourceTree = "<group>";
		};
		89971AEC107C3D75D4E99F68 /* UseCases */ = {
			isa = PBXGroup;
			children = (
				89AAE18E8EAF22F27974023B /* CalculatorUseCase.swift */,
				0028F12BB44DC4F0B360A478 /* DebtUseCase.swift */,
			);
			path = UseCases;
			sourceTree = "<group>";
		};
		8A35CF6B209586FB82A1627B /* Zaimka */ = {
			isa = PBXGroup;
			children = (
				2293702762D9A5332283809A /* PrivacyInfo.xcprivacy */,
				D2983B7932A5ECB9D4376CC7 /* App */,
				3461E34F5E359F360615AF9B /* Core */,
				7D9C07FB3B1CBBCC1389F7EA /* Data */,
				878FC0C0140388B4D7C43CFA /* Domain */,
				97002AC657F1190C86C27773 /* Presentation */,
			);
			path = Zaimka;
			sourceTree = "<group>";
		};
		97002AC657F1190C86C27773 /* Presentation */ = {
			isa = PBXGroup;
			children = (
				126A84CADDEEF5C7A94381E1 /* Common */,
				44F07EFC3A6AB183343EAE3D /* Flows */,
			);
			path = Presentation;
			sourceTree = "<group>";
		};
		98921C32DA661AECB859396C /* Main */ = {
			isa = PBXGroup;
			children = (
				B7A4725FBA39CC9727248269 /* Coordinator */,
				70AA556DDEC622AD72FE116E /* Factory */,
				D55EFDBB9C123889F0A60133 /* ViewModels */,
				515A41A7AB411398FF8E0C12 /* Views */,
			);
			path = Main;
			sourceTree = "<group>";
		};
		9AEB5D41955FFD8F41769A04 /* Calculator */ = {
			isa = PBXGroup;
			children = (
				C1965FF280BB60B896119D3F /* Components */,
				236B01E4207B51D0A91BD4F2 /* ViewModels */,
				9B382A09DF2EA2377056A799 /* Views */,
			);
			path = Calculator;
			sourceTree = "<group>";
		};
		9B382A09DF2EA2377056A799 /* Views */ = {
			isa = PBXGroup;
			children = (
				85569AFCB98EAEF98FD176C6 /* CalculatorView.swift */,
			);
			path = Views;
			sourceTree = "<group>";
		};
		9C3D53586CCE95DE79433D57 /* ViewModels */ = {
			isa = PBXGroup;
			children = (
				21D01FFE6FCDAC8B4F5D04C9 /* HomeViewModel.swift */,
			);
			path = ViewModels;
			sourceTree = "<group>";
		};
		A1308639511138C6D019EFC1 /* Logging */ = {
			isa = PBXGroup;
			children = (
				207A1358C266B3F0B21043DD /* AppLogger.swift */,
			);
			path = Logging;
			sourceTree = "<group>";
		};
		ACE9482349E6430804DF99E9 /* Mocks */ = {
			isa = PBXGroup;
			children = (
				D9AB4DF2D56D37433CA3784F /* Calculator */,
				F44BEDC5190CB46D09440F19 /* Debt */,
			);
			path = Mocks;
			sourceTree = "<group>";
		};
		AFBD974180D327DA423C50D6 /* Views */ = {
			isa = PBXGroup;
			children = (
				10B33DC01D28926EFB123802 /* SettingsGroupDelegate.swift */,
				B371B7B6F7A39EC05AE340F4 /* SettingsGroupView.swift */,
				F1A8B7CD815F61BFA88F56C7 /* SettingsView.swift */,
				F798986B08E290C3628F3003 /* SettingsViewController.swift */,
			);
			path = Views;
			sourceTree = "<group>";
		};
		B283842FCE3E5A25B4A4FCBF /* ZaimkaTests */ = {
			isa = PBXGroup;
			children = (
				C87CDB5BF6196553069FA33E /* ZaimkaTests.swift */,
				ACE9482349E6430804DF99E9 /* Mocks */,
				3F74F17B1215D8854914DA5F /* Tests */,
			);
			path = ZaimkaTests;
			sourceTree = "<group>";
		};
		B7A4725FBA39CC9727248269 /* Coordinator */ = {
			isa = PBXGroup;
			children = (
				51055B17E1B53764DBD776D4 /* MainCoordinator.swift */,
			);
			path = Coordinator;
			sourceTree = "<group>";
		};
		BAB67E06D19AE39CEE461EA5 /* Extensions */ = {
			isa = PBXGroup;
			children = (
				CB107267BE9ED204506A7768 /* FormatNumber.swift */,
				B07A823376FECB8E9540D632 /* String+Extensions.swift */,
				1E9AE58D669DB6A741DF9F01 /* UIColor+Extensions.swift */,
				C18EA842324AD929B6CE76B4 /* UIKit+Extensions.swift */,
			);
			path = Extensions;
			sourceTree = "<group>";
		};
		BEEC80184C3BF885F253839D /* ViewModels */ = {
			isa = PBXGroup;
			children = (
				AB2174EEC91CD3E48A4026D9 /* PasswordInputViewModel.swift */,
			);
			path = ViewModels;
			sourceTree = "<group>";
		};
		C1965FF280BB60B896119D3F /* Components */ = {
			isa = PBXGroup;
			children = (
				B4BBB1AFCC61F0621E2C87C2 /* InfoCard.swift */,
				DD3092CDDBB60E0B516747E7 /* InputField.swift */,
				2BFE83BB9A3F67A8A026CDEC /* PrimaryButton.swift */,
			);
			path = Components;
			sourceTree = "<group>";
		};
		C8131B87D7D62EC1746989AD /* Views */ = {
			isa = PBXGroup;
			children = (
				893BD3C067E2C360DC0741A2 /* StatRow.swift */,
				4659E7F802C5E9E05E3FB846 /* StatsView.swift */,
			);
			path = Views;
			sourceTree = "<group>";
		};
		CB8C52D89CC1C81D2590195D /* Views */ = {
			isa = PBXGroup;
			children = (
				A2F7C2EB83AF215CCA69B357 /* ReusableView.swift */,
			);
			path = Views;
			sourceTree = "<group>";
		};
		CC72FC28DB18B253FD37F50D /* Home */ = {
			isa = PBXGroup;
			children = (
				026F93D66A70DBED1F744320 /* Coordinator */,
				9C3D53586CCE95DE79433D57 /* ViewModels */,
				E01CDE75DA3266609000F440 /* Views */,
			);
			path = Home;
			sourceTree = "<group>";
		};
		D2983B7932A5ECB9D4376CC7 /* App */ = {
			isa = PBXGroup;
			children = (
				909305F9A062550966CC1371 /* AppCoordinator.swift */,
				7234D625B736A6530F6D6C97 /* AppDelegate.swift */,
				937DA073DC8670EA61483185 /* DIContainer.swift */,
				552EAAAEFA01468131C04ACE /* SceneDelegate.swift */,
			);
			path = App;
			sourceTree = "<group>";
		};
		D55EFDBB9C123889F0A60133 /* ViewModels */ = {
			isa = PBXGroup;
			children = (
				DF61F92828E2EF596C570AAF /* MainViewModel.swift */,
			);
			path = ViewModels;
			sourceTree = "<group>";
		};
		D9AB4DF2D56D37433CA3784F /* Calculator */ = {
			isa = PBXGroup;
			children = (
				BC24A8E02E85AC41EFFFA22B /* MockCalculatorRepository.swift */,
			);
			path = Calculator;
			sourceTree = "<group>";
		};
		E01CDE75DA3266609000F440 /* Views */ = {
			isa = PBXGroup;
			children = (
				364D8C9D46DB8E718276E448 /* HomeView.swift */,
				53A1E53029D16D9D797400D7 /* HomeView+Ext.swift */,
			);
			path = Views;
			sourceTree = "<group>";
		};
		E0755763F606A23FAA211FBE /* Debt */ = {
			isa = PBXGroup;
			children = (
				8A9554F22749B9C2530208D9 /* RepositoryValidateImplTests.swift */,
				C93FBF61A44E1BC8331DEC14 /* UsecaseValidateImplTests.swift */,
			);
			path = Debt;
			sourceTree = "<group>";
		};
		E1B2D992744F3AEE2114FF1C /* Views */ = {
			isa = PBXGroup;
			children = (
				437067773DBCEA4985B8F368 /* KeyboardView.swift */,
				B4C5E0A940B999B59DE72803 /* PasswordDotsView.swift */,
				9785503508647D68A8BBE092 /* PasswordInputViewController.swift */,
			);
			path = Views;
			sourceTree = "<group>";
		};
		E421AA510AE92E506259385C /* Storage */ = {
			isa = PBXGroup;
			children = (
				41E1BE2D36B6F122A56A7881 /* CreditStorageTests.swift */,
			);
			path = Storage;
			sourceTree = "<group>";
		};
		E68C208134CB0E30302C6BAF /* ViewModels */ = {
			isa = PBXGroup;
			children = (
				3BAE270AEFF735C060F33545 /* DebtDetailsViewModel.swift */,
			);
			path = ViewModels;
			sourceTree = "<group>";
		};
		E7DA1E485EEA84ED26BF3938 /* DataModels */ = {
			isa = PBXGroup;
			children = (
				E9D23A166D127D3DE2E50E04 /* CreditModel.swift */,
				1A68388BBF07FFF183FDD71A /* PaymentModel.swift */,
			);
			path = DataModels;
			sourceTree = "<group>";
		};
		E9735051DFCEA5F14B1AAEE0 /* Calculator */ = {
			isa = PBXGroup;
			children = (
				DCD0AFBDBDD33709F103AA55 /* CalculatorRepositoryTests.swift */,
				B7478158A65DA63C852FFEC8 /* CalculatorUseCaseTests.swift */,
				DFFE42E005C473F58E245242 /* CalculatorViewModelTests.swift */,
			);
			path = Calculator;
			sourceTree = "<group>";
		};
		E9F73BC82211DAE315CA066E /* Core */ = {
			isa = PBXGroup;
			children = (
				7108D1886C7F3F1D5150DA00 /* FormatNumberTests.swift */,
			);
			path = Core;
			sourceTree = "<group>";
		};
		F44BEDC5190CB46D09440F19 /* Debt */ = {
			isa = PBXGroup;
			children = (
				D6726BFD39EA0D36E53A2E9B /* MockRepositoryValidate.swift */,
			);
			path = Debt;
			sourceTree = "<group>";
		};
		F52FF747DBE6311A5372F2FA = {
			isa = PBXGroup;
			children = (
				8A35CF6B209586FB82A1627B /* Zaimka */,
				B283842FCE3E5A25B4A4FCBF /* ZaimkaTests */,
				4331489B6EDDD861815C77C1 /* Products */,
			);
			indentWidth = 4;
			sourceTree = "<group>";
			tabWidth = 4;
			usesTabs = 0;
		};
		FF7009BBECBA566360FAF764 /* Repositories */ = {
			isa = PBXGroup;
			children = (
				E110C5B676ADBCFDFC8272E8 /* CalculatorRepositoryProtocol.swift */,
				D6BD3086090975332797C484 /* DebtRepositoryProtocol.swift */,
			);
			path = Repositories;
			sourceTree = "<group>";
		};
/* End PBXGroup section */

/* Begin PBXNativeTarget section */
		4FB2577F7910BE4F1C030FF9 /* ZaimkaTests */ = {
			isa = PBXNativeTarget;
			buildConfigurationList = CC8BDFFEE35AA7DA0AF1D849 /* Build configuration list for PBXNativeTarget "ZaimkaTests" */;
			buildPhases = (
				C2BF7FF8E98CD733B51045AC /* Sources */,
			);
			buildRules = (
			);
			dependencies = (
				4589E0458FE52771F1D8812D /* PBXTargetDependency */,
			);
			name = ZaimkaTests;
			packageProductDependencies = (
			);
			productName = ZaimkaTests;
			productReference = DFA309E3B109BC42B96409C6 /* ZaimkaTests.xctest */;
			productType = "com.apple.product-type.bundle.unit-test";
		};
		FC38E49F8B9648DAF9AEA13E /* Zaimka */ = {
			isa = PBXNativeTarget;
			buildConfigurationList = 622D8C85A0775801CF0AA5C7 /* Build configuration list for PBXNativeTarget "Zaimka" */;
			buildPhases = (
				4564F5F344EC7EB7A0EA7FBF /* Run SwiftFormat */,
				DC3D091C28E000A34747C3A9 /* Run SwiftLint */,
				3A6C390CD0AABD861E5AD167 /* Sources */,
				1F7CB209D33A1CF1839F979E /* Resources */,
				0B926400433482FB41D2483F /* Frameworks */,
			);
			buildRules = (
			);
			dependencies = (
			);
			name = Zaimka;
			packageProductDependencies = (
				CCBAFB86001D8845DBB9C54E /* SnapKit */,
			);
			productName = Zaimka;
			productReference = 6EC7E264DC149FA35EA58375 /* Zaimka.app */;
			productType = "com.apple.product-type.application";
		};
/* End PBXNativeTarget section */

/* Begin PBXProject section */
		AEE1DBE293321383809F6A0E /* Project object */ = {
			isa = PBXProject;
			attributes = {
				BuildIndependentTargetsInParallel = YES;
				LastUpgradeCheck = 1430;
			};
			buildConfigurationList = D7BCC349EBD54E134784000B /* Build configuration list for PBXProject "Zaimka" */;
			compatibilityVersion = "Xcode 14.0";
			developmentRegion = en;
			hasScannedForEncodings = 0;
			knownRegions = (
				Base,
				en,
				ru,
			);
			mainGroup = F52FF747DBE6311A5372F2FA;
			minimizedProjectReferenceProxies = 1;
			packageReferences = (
				F74702F420D520BD27F261C9 /* XCRemoteSwiftPackageReference "SnapKit" */,
			);
			preferredProjectObjectVersion = 77;
			projectDirPath = "";
			projectRoot = "";
			targets = (
				FC38E49F8B9648DAF9AEA13E /* Zaimka */,
				4FB2577F7910BE4F1C030FF9 /* ZaimkaTests */,
			);
		};
/* End PBXProject section */

/* Begin PBXResourcesBuildPhase section */
		1F7CB209D33A1CF1839F979E /* Resources */ = {
			isa = PBXResourcesBuildPhase;
			buildActionMask = 2147483647;
			files = (
				2E031A21A43E9D041433CA38 /* Assets.xcassets in Resources */,
				9F3209D6BD0233066EF11240 /* LaunchScreen.storyboard in Resources */,
				CE85A14292CA6386B6C6F2D4 /* Localizable.xcstrings in Resources */,
				42FD55A5D6E4A7E89C1BD2C7 /* PrivacyInfo.xcprivacy in Resources */,
			);
			runOnlyForDeploymentPostprocessing = 0;
		};
/* End PBXResourcesBuildPhase section */

/* Begin PBXShellScriptBuildPhase section */
		4564F5F344EC7EB7A0EA7FBF /* Run SwiftFormat */ = {
			isa = PBXShellScriptBuildPhase;
			alwaysOutOfDate = 1;
			buildActionMask = 2147483647;
			files = (
			);
			inputFileListPaths = (
			);
			inputPaths = (
			);
			name = "Run SwiftFormat";
			outputFileListPaths = (
			);
			outputPaths = (
			);
			runOnlyForDeploymentPostprocessing = 0;
			shellPath = /bin/sh;
			shellScript = "export PATH=\"$PATH:/usr/local/bin:/opt/homebrew/bin\"\nif which swiftformat >/dev/null; then\n  VER=$(swiftformat --version | awk '{print $1}')\n  if python3 -c \"import sys; p=sys.argv[1].split('.'); m=int(p[0]); n=int(p[1]) if len(p)>1 else 0; sys.exit(0 if (m>0 or n>=61) else 1)\" \"$VER\" 2>/dev/null; then\n    swiftformat \"$SRCROOT\" --disable redundantViewBuilder\n  else\n    swiftformat \"$SRCROOT\"\n  fi\nelse\n  echo \"error: SwiftFormat not installed. Please run: brew install swiftformat\"\n  exit 1\nfi\n";
		};
		DC3D091C28E000A34747C3A9 /* Run SwiftLint */ = {
			isa = PBXShellScriptBuildPhase;
			alwaysOutOfDate = 1;
			buildActionMask = 2147483647;
			files = (
			);
			inputFileListPaths = (
			);
			inputPaths = (
			);
			name = "Run SwiftLint";
			outputFileListPaths = (
			);
			outputPaths = (
			);
			runOnlyForDeploymentPostprocessing = 0;
			shellPath = /bin/sh;
			shellScript = "export PATH=\"$PATH:/usr/local/bin:/opt/homebrew/bin\"\nif which swiftlint >/dev/null; then\n  swiftlint\nelse\n  echo \"error: SwiftLint not installed. Please run: brew install swiftlint\"\n  exit 1\nfi\n";
		};
/* End PBXShellScriptBuildPhase section */

/* Begin PBXSourcesBuildPhase section */
		3A6C390CD0AABD861E5AD167 /* Sources */ = {
			isa = PBXSourcesBuildPhase;
			buildActionMask = 2147483647;
			files = (
				BDB0D810C39899A2A29157A3 /* AddDebtCoordinator.swift in Sources */,
				D5A9A4B755AAB4F3F3876967 /* AddDebtView.swift in Sources */,
				35083D5FC238808E4AA7890B /* AddDebtViewController.swift in Sources */,
				C6C4AD3B6D488D231C789CDC /* AddDebtViewModel.swift in Sources */,
				57852739A50E0A733D7317AA /* AppCoordinator.swift in Sources */,
				8E9F05804FD5C5DDED76DF2C /* AppDelegate.swift in Sources */,
				0A672C55B5336ADAFB46007E /* AppLogger.swift in Sources */,
				816A10D6A47A6F03524D9BC5 /* BiometricService.swift in Sources */,
				93F499664C8AC9DEDEC6BF1C /* CalculatorInfo.swift in Sources */,
				1B55B1839FC26873F016BB75 /* CalculatorRepository.swift in Sources */,
				12D84FA4B85550087DCA77B5 /* CalculatorRepositoryProtocol.swift in Sources */,
				6DDA0C249BFB32B8592EC999 /* CalculatorUseCase.swift in Sources */,
				BBF2C34C257A8C9272FA9F2B /* CalculatorView.swift in Sources */,
				8F9ED34F8ECB970FFA169B99 /* CalculatorViewModel.swift in Sources */,
				218B6D3C9DECAF2A66ABCE1D /* CoordinatorProtocol.swift in Sources */,
				2EF8329168FAB9B42AE1B01F /* CoreDataStack.swift in Sources */,
				42F3C037A51FD59B3A3B3A0E /* Credit.swift in Sources */,
				70BC0217E9ABD3262C112AEC /* CreditCardInfo.swift in Sources */,
				A37A21B310145227286E382E /* CreditDTO.swift in Sources */,
				63A4D1A620AA456C7927AFC0 /* CreditModel.swift in Sources */,
				1E6C271D3B2BEA75927F2780 /* CreditStorage.swift in Sources */,
				CBDA6D422DAC2D33B4440734 /* CreditTargetDTO.swift in Sources */,
				1343C973A841ED9FF24C920D /* CreditType.swift in Sources */,
				B5DF8A92226A561637DD081E /* CreditTypeDTO.swift in Sources */,
				067A4BB2898A8F727D417A07 /* CustomTabBar.swift in Sources */,
				B232E52924BFDDAF58DF6C64 /* DIContainer.swift in Sources */,
				DCA2A5E55FE174A0C9213AC2 /* DIContainerProtocol.swift in Sources */,
				25F717D14C96E19D05C3511A /* DebtCalculation.swift in Sources */,
				6FCC1126C8D5833146BE7AD7 /* DebtDetailsBlock.swift in Sources */,
				C555F290D3EB22A19CEFC347 /* DebtDetailsBlockModel.swift in Sources */,
				1D5FC4AA58A4A8A47C54B385 /* DebtDetailsCoordinator.swift in Sources */,
				B75AE6A0E172C5B652B526DF /* DebtDetailsGeneralInfo.swift in Sources */,
				A67722C2E89671779A085B93 /* DebtDetailsInfoBlock.swift in Sources */,
				E58D5E5621EA2F56188386D4 /* DebtDetailsPaymentHistory.swift in Sources */,
				196866586DD27675238A2287 /* DebtDetailsPaymentHistoryCell.swift in Sources */,
				2DCBBCFE4265DB456B87D011 /* DebtDetailsPaymentHistoryItem.swift in Sources */,
				FD0DE0564DCD65256739D056 /* DebtDetailsProgressInfo.swift in Sources */,
				110356732FC86C499F91F916 /* DebtDetailsView.swift in Sources */,
				3D4BF65D599C0BBDA015D1EE /* DebtDetailsViewController.swift in Sources */,
				B0B7F527975BA55DA4E78ED7 /* DebtDetailsViewModel.swift in Sources */,
				89EB2296AD4CEC8F3BBC4B2C /* DebtRepository.swift in Sources */,
				CE4EA6DE1D9100F623F5C47E /* DebtRepositoryProtocol.swift in Sources */,
				ABBD618606F0030948CA67A7 /* DebtUseCase.swift in Sources */,
				36A758C17849563861A2CD0A /* FormatNumber.swift in Sources */,
				F2AEE8F7708DCDF9F6F4022A /* GeneralCreditInfo.swift in Sources */,
				7D3C47AA0106A084D095EF99 /* HomeCoordinator.swift in Sources */,
				9DDAF097E93211F039897C1E /* HomeView+Ext.swift in Sources */,
				0FA29C4D3DD232CDB73F767A /* HomeView.swift in Sources */,
				62876782F5D29FB685F456F6 /* HomeViewModel.swift in Sources */,
				73F2AC77783EF206F71D14CB /* InfoCard.swift in Sources */,
				EEB618154CF8E92AD080E574 /* InputField.swift in Sources */,
				347FAA07EBF2A9028B1D18C6 /* KeyboardView.swift in Sources */,
				6CA4ED246D71FAE5A901A388 /* KeychainService.swift in Sources */,
				E372D697EA665CD26912FA51 /* LocalizedKey.swift in Sources */,
				EA4284FF94232529DB922176 /* MainCoordinator.swift in Sources */,
				6120C87BCA379ADFE31173E7 /* MainViewController.swift in Sources */,
				6D94A73C5ECEB0C5E9ED9EE7 /* MainViewControllerFactory.swift in Sources */,
				1F0C91F420C2FAFD7C56928B /* MainViewModel.swift in Sources */,
				B82F51332E27D835C78DFA43 /* NotificationDTO.swift in Sources */,
				A7E4D8708CCA000D728C02D9 /* PasswordDotsView.swift in Sources */,
				C22F4002AA1C8A78BDAB403F /* PasswordInputViewController.swift in Sources */,
				A53A0BE18ACA24FAEA974B27 /* PasswordInputViewModel.swift in Sources */,
				BBB2940106F96DF27190FC22 /* PaymentDTO.swift in Sources */,
				B65280E514183FF46B661409 /* PaymentModel.swift in Sources */,
				72269F7259E244D93B23AAC7 /* PaymentTypeDTO.swift in Sources */,
				AFE0AB65F898B924AC683E15 /* PrimaryButton.swift in Sources */,
				CF72899266D7B58156774ECA /* ReusableView.swift in Sources */,
				10D701885979E37B153578D3 /* SceneDelegate.swift in Sources */,
				AD26423D8075717234E32C0C /* SettingsGroupDelegate.swift in Sources */,
				FFB29AB5ECA0FD5320FF19F3 /* SettingsGroupView.swift in Sources */,
				5A9BB8972619181EF4708C8F /* SettingsView.swift in Sources */,
				FA1E228168156D38E4B5223F /* SettingsViewController.swift in Sources */,
				37ED7609E8AF92A57D7FB122 /* StatRow.swift in Sources */,
				F07810E0DFBCE7462CB34184 /* StatsInfo.swift in Sources */,
				56D39FBC4578DB33A59F1FD7 /* StatsView.swift in Sources */,
				455EB42518E039ED478F9B8C /* StorageService.swift in Sources */,
				F8C044320FBBFA8065A60193 /* String+Extensions.swift in Sources */,
				DBA41A7663444CF4DBDB6C96 /* Tab.swift in Sources */,
				CFEC2FF1728D274118994FF9 /* UIClass+Extensions.swift in Sources */,
				FF5D7EC2E0B91987BA4EA42B /* UIColor+Extensions.swift in Sources */,
				97CC3631F433419B8DB56019 /* UIKit+Extensions.swift in Sources */,
				2E7B02EBBEB6188917BFCCEA /* UserDefaultsManager.swift in Sources */,
			);
			runOnlyForDeploymentPostprocessing = 0;
		};
		C2BF7FF8E98CD733B51045AC /* Sources */ = {
			isa = PBXSourcesBuildPhase;
			buildActionMask = 2147483647;
			files = (
				5B9693908DB68596F1D9C455 /* CalculatorRepositoryTests.swift in Sources */,
				B278E4B88911E15900858C1D /* CalculatorUseCaseTests.swift in Sources */,
				A858C01C6A025AD7B5C26B17 /* CalculatorViewModelTests.swift in Sources */,
				DB193D03E6CB44CD0121B2A5 /* CreditStorageTests.swift in Sources */,
				89D8A100A299FA99E0DD5E1D /* FormatNumberTests.swift in Sources */,
				9DFEC9C11CD339D44D75CC6E /* MockCalculatorRepository.swift in Sources */,
				37A3E8A45471855D8F367A28 /* MockRepositoryValidate.swift in Sources */,
				6CB9A912135FF49A42B2324E /* RepositoryValidateImplTests.swift in Sources */,
				7224FF8C50171536FA2420FF /* UsecaseValidateImplTests.swift in Sources */,
				C7319EEED97A7BE9C8B9DC00 /* ZaimkaTests.swift in Sources */,
			);
			runOnlyForDeploymentPostprocessing = 0;
		};
/* End PBXSourcesBuildPhase section */

/* Begin PBXTargetDependency section */
		4589E0458FE52771F1D8812D /* PBXTargetDependency */ = {
			isa = PBXTargetDependency;
			target = FC38E49F8B9648DAF9AEA13E /* Zaimka */;
			targetProxy = 65D3F7495B18040F088732CA /* PBXContainerItemProxy */;
		};
/* End PBXTargetDependency section */

/* Begin PBXVariantGroup section */
		092C9967534D97179F2CC9BA /* LaunchScreen.storyboard */ = {
			isa = PBXVariantGroup;
			children = (
				D8BA7253C64FBC71B722A668 /* Base */,
			);
			name = LaunchScreen.storyboard;
			sourceTree = "<group>";
		};
/* End PBXVariantGroup section */

/* Begin XCBuildConfiguration section */
		0FAD6CE683CE3D1383AA8F4F /* Release */ = {
			isa = XCBuildConfiguration;
			buildSettings = {
				ALWAYS_SEARCH_USER_PATHS = NO;
				CLANG_ANALYZER_NONNULL = YES;
				CLANG_ANALYZER_NUMBER_OBJECT_CONVERSION = YES_AGGRESSIVE;
				CLANG_CXX_LANGUAGE_STANDARD = "gnu++14";
				CLANG_CXX_LIBRARY = "libc++";
				CLANG_ENABLE_MODULES = YES;
				CLANG_ENABLE_OBJC_ARC = YES;
				CLANG_ENABLE_OBJC_WEAK = YES;
				CLANG_WARN_BLOCK_CAPTURE_AUTORELEASING = YES;
				CLANG_WARN_BOOL_CONVERSION = YES;
				CLANG_WARN_COMMA = YES;
				CLANG_WARN_CONSTANT_CONVERSION = YES;
				CLANG_WARN_DEPRECATED_OBJC_IMPLEMENTATIONS = YES;
				CLANG_WARN_DIRECT_OBJC_ISA_USAGE = YES_ERROR;
				CLANG_WARN_DOCUMENTATION_COMMENTS = YES;
				CLANG_WARN_EMPTY_BODY = YES;
				CLANG_WARN_ENUM_CONVERSION = YES;
				CLANG_WARN_INFINITE_RECURSION = YES;
				CLANG_WARN_INT_CONVERSION = YES;
				CLANG_WARN_NON_LITERAL_NULL_CONVERSION = YES;
				CLANG_WARN_OBJC_IMPLICIT_RETAIN_SELF = YES;
				CLANG_WARN_OBJC_LITERAL_CONVERSION = YES;
				CLANG_WARN_OBJC_ROOT_CLASS = YES_ERROR;
				CLANG_WARN_QUOTED_INCLUDE_IN_FRAMEWORK_HEADER = YES;
				CLANG_WARN_RANGE_LOOP_ANALYSIS = YES;
				CLANG_WARN_STRICT_PROTOTYPES = YES;
				CLANG_WARN_SUSPICIOUS_MOVE = YES;
				CLANG_WARN_UNGUARDED_AVAILABILITY = YES_AGGRESSIVE;
				CLANG_WARN_UNREACHABLE_CODE = YES;
				CLANG_WARN__DUPLICATE_METHOD_MATCH = YES;
				COPY_PHASE_STRIP = NO;
				DEBUG_INFORMATION_FORMAT = "dwarf-with-dsym";
				ENABLE_NS_ASSERTIONS = NO;
				ENABLE_STRICT_OBJC_MSGSEND = YES;
				GCC_C_LANGUAGE_STANDARD = gnu11;
				GCC_NO_COMMON_BLOCKS = YES;
				GCC_WARN_64_TO_32_BIT_CONVERSION = YES;
				GCC_WARN_ABOUT_RETURN_TYPE = YES_ERROR;
				GCC_WARN_UNDECLARED_SELECTOR = YES;
				GCC_WARN_UNINITIALIZED_AUTOS = YES_AGGRESSIVE;
				GCC_WARN_UNUSED_FUNCTION = YES;
				GCC_WARN_UNUSED_VARIABLE = YES;
				IPHONEOS_DEPLOYMENT_TARGET = 17.6;
				MTL_ENABLE_DEBUG_INFO = NO;
				MTL_FAST_MATH = YES;
				PRODUCT_NAME = "$(TARGET_NAME)";
				SDKROOT = iphoneos;
				SWIFT_COMPILATION_MODE = wholemodule;
				SWIFT_OPTIMIZATION_LEVEL = "-O";
				SWIFT_VERSION = 5.0;
			};
			name = Release;
		};
		491B69E4DC87F1951ED85941 /* Release */ = {
			isa = XCBuildConfiguration;
			buildSettings = {
				BUNDLE_LOADER = "$(TEST_HOST)";
				CURRENT_PROJECT_VERSION = 1;
				GENERATE_INFOPLIST_FILE = YES;
				LD_RUNPATH_SEARCH_PATHS = (
					"$(inherited)",
					"@executable_path/Frameworks",
					"@loader_path/Frameworks",
				);
				MARKETING_VERSION = 1.0.0;
				PRODUCT_BUNDLE_IDENTIFIER = solovev.ZaimkaTests;
				SDKROOT = iphoneos;
				TARGETED_DEVICE_FAMILY = "1,2";
				TEST_HOST = "$(BUILT_PRODUCTS_DIR)/Zaimka.app/Zaimka";
			};
			name = Release;
		};
		4E3B7B1BFB373265B3A12F34 /* Debug */ = {
			isa = XCBuildConfiguration;
			buildSettings = {
				ASSETCATALOG_COMPILER_APPICON_NAME = AppIcon;
				CODE_SIGN_IDENTITY = "iPhone Developer";
				CURRENT_PROJECT_VERSION = 1;
				INFOPLIST_FILE = Zaimka/Presentation/Common/Resources/Info.plist;
				LD_RUNPATH_SEARCH_PATHS = (
					"$(inherited)",
					"@executable_path/Frameworks",
				);
				MARKETING_VERSION = 1.0.0;
				PRODUCT_BUNDLE_IDENTIFIER = solovev.Zaimka;
				SDKROOT = iphoneos;
				SWIFT_VERSION = 6.0;
				TARGETED_DEVICE_FAMILY = "1,2";
			};
			name = Debug;
		};
		A5AF8A964CFD5FAE749F2C74 /* Debug */ = {
			isa = XCBuildConfiguration;
			buildSettings = {
				BUNDLE_LOADER = "$(TEST_HOST)";
				CURRENT_PROJECT_VERSION = 1;
				GENERATE_INFOPLIST_FILE = YES;
				LD_RUNPATH_SEARCH_PATHS = (
					"$(inherited)",
					"@executable_path/Frameworks",
					"@loader_path/Frameworks",
				);
				MARKETING_VERSION = 1.0.0;
				PRODUCT_BUNDLE_IDENTIFIER = solovev.ZaimkaTests;
				SDKROOT = iphoneos;
				TARGETED_DEVICE_FAMILY = "1,2";
				TEST_HOST = "$(BUILT_PRODUCTS_DIR)/Zaimka.app/Zaimka";
			};
			name = Debug;
		};
		C1085346DF4E49F399795CD9 /* Debug */ = {
			isa = XCBuildConfiguration;
			buildSettings = {
				ALWAYS_SEARCH_USER_PATHS = NO;
				CLANG_ANALYZER_NONNULL = YES;
				CLANG_ANALYZER_NUMBER_OBJECT_CONVERSION = YES_AGGRESSIVE;
				CLANG_CXX_LANGUAGE_STANDARD = "gnu++14";
				CLANG_CXX_LIBRARY = "libc++";
				CLANG_ENABLE_MODULES = YES;
				CLANG_ENABLE_OBJC_ARC = YES;
				CLANG_ENABLE_OBJC_WEAK = YES;
				CLANG_WARN_BLOCK_CAPTURE_AUTORELEASING = YES;
				CLANG_WARN_BOOL_CONVERSION = YES;
				CLANG_WARN_COMMA = YES;
				CLANG_WARN_CONSTANT_CONVERSION = YES;
				CLANG_WARN_DEPRECATED_OBJC_IMPLEMENTATIONS = YES;
				CLANG_WARN_DIRECT_OBJC_ISA_USAGE = YES_ERROR;
				CLANG_WARN_DOCUMENTATION_COMMENTS = YES;
				CLANG_WARN_EMPTY_BODY = YES;
				CLANG_WARN_ENUM_CONVERSION = YES;
				CLANG_WARN_INFINITE_RECURSION = YES;
				CLANG_WARN_INT_CONVERSION = YES;
				CLANG_WARN_NON_LITERAL_NULL_CONVERSION = YES;
				CLANG_WARN_OBJC_IMPLICIT_RETAIN_SELF = YES;
				CLANG_WARN_OBJC_LITERAL_CONVERSION = YES;
				CLANG_WARN_OBJC_ROOT_CLASS = YES_ERROR;
				CLANG_WARN_QUOTED_INCLUDE_IN_FRAMEWORK_HEADER = YES;
				CLANG_WARN_RANGE_LOOP_ANALYSIS = YES;
				CLANG_WARN_STRICT_PROTOTYPES = YES;
				CLANG_WARN_SUSPICIOUS_MOVE = YES;
				CLANG_WARN_UNGUARDED_AVAILABILITY = YES_AGGRESSIVE;
				CLANG_WARN_UNREACHABLE_CODE = YES;
				CLANG_WARN__DUPLICATE_METHOD_MATCH = YES;
				COPY_PHASE_STRIP = NO;
				DEBUG_INFORMATION_FORMAT = dwarf;
				ENABLE_STRICT_OBJC_MSGSEND = YES;
				ENABLE_TESTABILITY = YES;
				GCC_C_LANGUAGE_STANDARD = gnu11;
				GCC_DYNAMIC_NO_PIC = NO;
				GCC_NO_COMMON_BLOCKS = YES;
				GCC_OPTIMIZATION_LEVEL = 0;
				GCC_PREPROCESSOR_DEFINITIONS = (
					"$(inherited)",
					"DEBUG=1",
				);
				GCC_WARN_64_TO_32_BIT_CONVERSION = YES;
				GCC_WARN_ABOUT_RETURN_TYPE = YES_ERROR;
				GCC_WARN_UNDECLARED_SELECTOR = YES;
				GCC_WARN_UNINITIALIZED_AUTOS = YES_AGGRESSIVE;
				GCC_WARN_UNUSED_FUNCTION = YES;
				GCC_WARN_UNUSED_VARIABLE = YES;
				IPHONEOS_DEPLOYMENT_TARGET = 17.6;
				MTL_ENABLE_DEBUG_INFO = INCLUDE_SOURCE;
				MTL_FAST_MATH = YES;
				ONLY_ACTIVE_ARCH = YES;
				PRODUCT_NAME = "$(TARGET_NAME)";
				SDKROOT = iphoneos;
				SWIFT_ACTIVE_COMPILATION_CONDITIONS = DEBUG;
				SWIFT_OPTIMIZATION_LEVEL = "-Onone";
				SWIFT_VERSION = 5.0;
			};
			name = Debug;
		};
		E2E350BBED1C414AEB4CE57C /* Release */ = {
			isa = XCBuildConfiguration;
			buildSettings = {
				ASSETCATALOG_COMPILER_APPICON_NAME = AppIcon;
				CODE_SIGN_IDENTITY = "iPhone Developer";
				CURRENT_PROJECT_VERSION = 1;
				INFOPLIST_FILE = Zaimka/Presentation/Common/Resources/Info.plist;
				LD_RUNPATH_SEARCH_PATHS = (
					"$(inherited)",
					"@executable_path/Frameworks",
				);
				MARKETING_VERSION = 1.0.0;
				PRODUCT_BUNDLE_IDENTIFIER = solovev.Zaimka;
				SDKROOT = iphoneos;
				SWIFT_VERSION = 6.0;
				TARGETED_DEVICE_FAMILY = "1,2";
			};
			name = Release;
		};
/* End XCBuildConfiguration section */

/* Begin XCConfigurationList section */
		622D8C85A0775801CF0AA5C7 /* Build configuration list for PBXNativeTarget "Zaimka" */ = {
			isa = XCConfigurationList;
			buildConfigurations = (
				4E3B7B1BFB373265B3A12F34 /* Debug */,
				E2E350BBED1C414AEB4CE57C /* Release */,
			);
			defaultConfigurationIsVisible = 0;
			defaultConfigurationName = Debug;
		};
		CC8BDFFEE35AA7DA0AF1D849 /* Build configuration list for PBXNativeTarget "ZaimkaTests" */ = {
			isa = XCConfigurationList;
			buildConfigurations = (
				A5AF8A964CFD5FAE749F2C74 /* Debug */,
				491B69E4DC87F1951ED85941 /* Release */,
			);
			defaultConfigurationIsVisible = 0;
			defaultConfigurationName = Debug;
		};
		D7BCC349EBD54E134784000B /* Build configuration list for PBXProject "Zaimka" */ = {
			isa = XCConfigurationList;
			buildConfigurations = (
				C1085346DF4E49F399795CD9 /* Debug */,
				0FAD6CE683CE3D1383AA8F4F /* Release */,
			);
			defaultConfigurationIsVisible = 0;
			defaultConfigurationName = Debug;
		};
/* End XCConfigurationList section */

/* Begin XCRemoteSwiftPackageReference section */
		F74702F420D520BD27F261C9 /* XCRemoteSwiftPackageReference "SnapKit" */ = {
			isa = XCRemoteSwiftPackageReference;
			repositoryURL = "https://github.com/SnapKit/SnapKit";
			requirement = {
				kind = exactVersion;
				version = 5.7.1;
			};
		};
/* End XCRemoteSwiftPackageReference section */

/* Begin XCSwiftPackageProductDependency section */
		CCBAFB86001D8845DBB9C54E /* SnapKit */ = {
			isa = XCSwiftPackageProductDependency;
			package = F74702F420D520BD27F261C9 /* XCRemoteSwiftPackageReference "SnapKit" */;
			productName = SnapKit;
		};
/* End XCSwiftPackageProductDependency section */
	};
	rootObject = AEE1DBE293321383809F6A0E /* Project object */;
}
